
Microsoft Visual Studio Solution File, Format Version 12.00
# Visual Studio Version 17
VisualStudioVersion = 17.7.34221.43
MinimumVisualStudioVersion = 10.0.40219.1
Project("{2150E333-8FDC-42A3-9474-1A3956D46DE8}") = "src", "src", "{BF34F7F8-3C76-4447-AB40-06E992FEF4C6}"
EndProject
Project("{2150E333-8FDC-42A3-9474-1A3956D46DE8}") = "tests", "tests", "{D07B36B7-BCC0-4393-A786-22E718693482}"
EndProject
Project("{9A19103F-16F7-4668-BE54-9A1E7A4F7556}") = "FC.Codeflix.Catalog.Domain", "src\FC.Codeflix.Catalog.Domain\FC.Codeflix.Catalog.Domain.csproj", "{D48FBBB7-DBC6-4479-B82E-4D4E60A86C87}"
EndProject
Project("{9A19103F-16F7-4668-BE54-9A1E7A4F7556}") = "FC.Codeflix.Catalog.UnitTests", "tests\FC.Codeflix.Catalog.UnitTests\FC.Codeflix.Catalog.UnitTests.csproj", "{C88881A3-73AC-4599-9F0F-31E2C3631F16}"
EndProject
Project("{9A19103F-16F7-4668-BE54-9A1E7A4F7556}") = "FC.Codeflix.Catalog.Application", "src\FC.Codeflix.Catalog.Application\FC.Codeflix.Catalog.Application.csproj", "{C3C47935-CF7E-4E0E-A469-90422FD6328E}"
EndProject
Project("{2150E333-8FDC-42A3-9474-1A3956D46DE8}") = "Itens de Solução", "Itens de Solução", "{5E93386E-15DF-4123-B88A-2A850D02C374}"
	ProjectSection(SolutionItems) = preProject
		docker-compose.yml = docker-compose.yml
	EndProjectSection
EndProject
Project("{9A19103F-16F7-4668-BE54-9A1E7A4F7556}") = "FC.Codeflix.Catalog.Infra.Data.ES", "src\FC.Codeflix.Catalog.Infra.Data.ES\FC.Codeflix.Catalog.Infra.Data.ES.csproj", "{CBF46C34-39F7-4D2D-ABB8-06B79D149624}"
EndProject
Project("{9A19103F-16F7-4668-BE54-9A1E7A4F7556}") = "FC.Codeflix.Catalog.IntegrationTests", "tests\FC.Codeflix.Catalog.IntegrationTests\FC.Codeflix.Catalog.IntegrationTests.csproj", "{45256633-93C6-4555-A1A2-8268EEB3D44D}"
EndProject
Project("{9A19103F-16F7-4668-BE54-9A1E7A4F7556}") = "FC.Codeflix.Catalog.Api", "src\FC.Codeflix.Catalog.Api\FC.Codeflix.Catalog.Api.csproj", "{0E1D09DC-E491-4965-B6B1-5C12256CA180}"
EndProject
Project("{2150E333-8FDC-42A3-9474-1A3956D46DE8}") = "env", "env", "{6D18EFA2-B99A-423A-B68D-B2D2AD443A77}"
	ProjectSection(SolutionItems) = preProject
		category_index.json = category_index.json
	EndProjectSection
EndProject
Project("{9A19103F-16F7-4668-BE54-9A1E7A4F7556}") = "FC.Codeflix.Catalog.E2ETests", "tests\FC.Codeflix.Catalog.E2ETests\FC.Codeflix.Catalog.E2ETests.csproj", "{638F075C-EC3C-49ED-BB3F-D563A8B455D5}"
EndProject
Project("{FAE04EC0-301F-11D3-BF4B-00C04F79EFBC}") = "FC.Codeflix.Catalog.Tests.Shared", "tests\FC.Codeflix.Catalog.Tests.Shared\FC.Codeflix.Catalog.Tests.Shared.csproj", "{CEBAB20E-A5ED-481D-BCA9-BB36DFF956FC}"
EndProject
Global
	GlobalSection(SolutionConfigurationPlatforms) = preSolution
		Debug|Any CPU = Debug|Any CPU
		Release|Any CPU = Release|Any CPU
	EndGlobalSection
	GlobalSection(ProjectConfigurationPlatforms) = postSolution
		{D48FBBB7-DBC6-4479-B82E-4D4E60A86C87}.Debug|Any CPU.ActiveCfg = Debug|Any CPU
		{D48FBBB7-DBC6-4479-B82E-4D4E60A86C87}.Debug|Any CPU.Build.0 = Debug|Any CPU
		{D48FBBB7-DBC6-4479-B82E-4D4E60A86C87}.Release|Any CPU.ActiveCfg = Release|Any CPU
		{D48FBBB7-DBC6-4479-B82E-4D4E60A86C87}.Release|Any CPU.Build.0 = Release|Any CPU
		{C88881A3-73AC-4599-9F0F-31E2C3631F16}.Debug|Any CPU.ActiveCfg = Debug|Any CPU
		{C88881A3-73AC-4599-9F0F-31E2C3631F16}.Debug|Any CPU.Build.0 = Debug|Any CPU
		{C88881A3-73AC-4599-9F0F-31E2C3631F16}.Release|Any CPU.ActiveCfg = Release|Any CPU
		{C88881A3-73AC-4599-9F0F-31E2C3631F16}.Release|Any CPU.Build.0 = Release|Any CPU
		{C3C47935-CF7E-4E0E-A469-90422FD6328E}.Debug|Any CPU.ActiveCfg = Debug|Any CPU
		{C3C47935-CF7E-4E0E-A469-90422FD6328E}.Debug|Any CPU.Build.0 = Debug|Any CPU
		{C3C47935-CF7E-4E0E-A469-90422FD6328E}.Release|Any CPU.ActiveCfg = Release|Any CPU
		{C3C47935-CF7E-4E0E-A469-90422FD6328E}.Release|Any CPU.Build.0 = Release|Any CPU
		{CBF46C34-39F7-4D2D-ABB8-06B79D149624}.Debug|Any CPU.ActiveCfg = Debug|Any CPU
		{CBF46C34-39F7-4D2D-ABB8-06B79D149624}.Debug|Any CPU.Build.0 = Debug|Any CPU
		{CBF46C34-39F7-4D2D-ABB8-06B79D149624}.Release|Any CPU.ActiveCfg = Release|Any CPU
		{CBF46C34-39F7-4D2D-ABB8-06B79D149624}.Release|Any CPU.Build.0 = Release|Any CPU
		{45256633-93C6-4555-A1A2-8268EEB3D44D}.Debug|Any CPU.ActiveCfg = Debug|Any CPU
		{45256633-93C6-4555-A1A2-8268EEB3D44D}.Debug|Any CPU.Build.0 = Debug|Any CPU
		{45256633-93C6-4555-A1A2-8268EEB3D44D}.Release|Any CPU.ActiveCfg = Release|Any CPU
		{45256633-93C6-4555-A1A2-8268EEB3D44D}.Release|Any CPU.Build.0 = Release|Any CPU
		{0E1D09DC-E491-4965-B6B1-5C12256CA180}.Debug|Any CPU.ActiveCfg = Debug|Any CPU
		{0E1D09DC-E491-4965-B6B1-5C12256CA180}.Debug|Any CPU.Build.0 = Debug|Any CPU
		{0E1D09DC-E491-4965-B6B1-5C12256CA180}.Release|Any CPU.ActiveCfg = Release|Any CPU
		{0E1D09DC-E491-4965-B6B1-5C12256CA180}.Release|Any CPU.Build.0 = Release|Any CPU
		{638F075C-EC3C-49ED-BB3F-D563A8B455D5}.Debug|Any CPU.ActiveCfg = Debug|Any CPU
		{638F075C-EC3C-49ED-BB3F-D563A8B455D5}.Debug|Any CPU.Build.0 = Debug|Any CPU
		{638F075C-EC3C-49ED-BB3F-D563A8B455D5}.Release|Any CPU.ActiveCfg = Release|Any CPU
		{638F075C-EC3C-49ED-BB3F-D563A8B455D5}.Release|Any CPU.Build.0 = Release|Any CPU
		{CEBAB20E-A5ED-481D-BCA9-BB36DFF956FC}.Debug|Any CPU.ActiveCfg = Debug|Any CPU
		{CEBAB20E-A5ED-481D-BCA9-BB36DFF956FC}.Debug|Any CPU.Build.0 = Debug|Any CPU
		{CEBAB20E-A5ED-481D-BCA9-BB36DFF956FC}.Release|Any CPU.ActiveCfg = Release|Any CPU
		{CEBAB20E-A5ED-481D-BCA9-BB36DFF956FC}.Release|Any CPU.Build.0 = Release|Any CPU
	EndGlobalSection
	GlobalSection(SolutionProperties) = preSolution
		HideSolutionNode = FALSE
	EndGlobalSection
	GlobalSection(NestedProjects) = preSolution
		{D48FBBB7-DBC6-4479-B82E-4D4E60A86C87} = {BF34F7F8-3C76-4447-AB40-06E992FEF4C6}
		{C88881A3-73AC-4599-9F0F-31E2C3631F16} = {D07B36B7-BCC0-4393-A786-22E718693482}
		{C3C47935-CF7E-4E0E-A469-90422FD6328E} = {BF34F7F8-3C76-4447-AB40-06E992FEF4C6}
		{CBF46C34-39F7-4D2D-ABB8-06B79D149624} = {BF34F7F8-3C76-4447-AB40-06E992FEF4C6}
		{45256633-93C6-4555-A1A2-8268EEB3D44D} = {D07B36B7-BCC0-4393-A786-22E718693482}
		{0E1D09DC-E491-4965-B6B1-5C12256CA180} = {BF34F7F8-3C76-4447-AB40-06E992FEF4C6}
		{638F075C-EC3C-49ED-BB3F-D563A8B455D5} = {D07B36B7-BCC0-4393-A786-22E718693482}
		{CEBAB20E-A5ED-481D-BCA9-BB36DFF956FC} = {D07B36B7-BCC0-4393-A786-22E718693482}
	EndGlobalSection
	GlobalSection(ExtensibilityGlobals) = postSolution
		SolutionGuid = {37993D80-6DDC-41AF-A7E1-5327BF6C298C}
	EndGlobalSection
EndGlobal
